
Microsoft Visual Studio Solution File, Format Version 12.00
# Visual Studio Version 16
VisualStudioVersion = 16.0.29519.181
MinimumVisualStudioVersion = 10.0.40219.1
Project("{FAE04EC0-301F-11D3-BF4B-00C04F79EFBC}") = "Updating-Child-Task-With-Story-Details-WebAPI", "Updating-Child-Task-With-Story-Details-WebAPI.csproj", "{0A22D4DC-2B56-4226-AFC7-4568685DFF2C}"
EndProject
Global
	GlobalSection(SolutionConfigurationPlatforms) = preSolution
		Debug|Any CPU = Debug|Any CPU
		Release|Any CPU = Release|Any CPU
	EndGlobalSection
	GlobalSection(ProjectConfigurationPlatforms) = postSolution
		{0A22D4DC-2B56-4226-AFC7-4568685DFF2C}.Debug|Any CPU.ActiveCfg = Debug|Any CPU
		{0A22D4DC-2B56-4226-AFC7-4568685DFF2C}.Debug|Any CPU.Build.0 = Debug|Any CPU
		{0A22D4DC-2B56-4226-AFC7-4568685DFF2C}.Release|Any CPU.ActiveCfg = Release|Any CPU
		{0A22D4DC-2B56-4226-AFC7-4568685DFF2C}.Release|Any CPU.Build.0 = Release|Any CPU
	EndGlobalSection
	GlobalSection(SolutionProperties) = preSolution
		HideSolutionNode = FALSE
	EndGlobalSection
	GlobalSection(ExtensibilityGlobals) = postSolution
		SolutionGuid = {FFFEA1E9-64FA-4A31-A7D1-6A23FA99F4F7}
	EndGlobalSection
EndGlobal
